// !$*UTF8*$!
{
	archiveVersion = 1;
	classes = {
	};
	objectVersion = 55;
	objects = {

/* Begin PBXBuildFile section */
		6E06D0C3289BB4CB001B6600 /* AppDelegate.swift in Sources */ = {isa = PBXBuildFile; fileRef = 6E06D0C2289BB4CB001B6600 /* AppDelegate.swift */; };
		6E06D0C7289BB4CB001B6600 /* ManagerViewController.swift in Sources */ = {isa = PBXBuildFile; fileRef = 6E06D0C6289BB4CB001B6600 /* ManagerViewController.swift */; };
		6E06D0CC289BB4D0001B6600 /* Assets.xcassets in Resources */ = {isa = PBXBuildFile; fileRef = 6E06D0CB289BB4D0001B6600 /* Assets.xcassets */; };
		6E06D0CF289BB4D0001B6600 /* LaunchScreen.storyboard in Resources */ = {isa = PBXBuildFile; fileRef = 6E06D0CD289BB4D0001B6600 /* LaunchScreen.storyboard */; };
		6E06D0D7289BF14C001B6600 /* ImageModel.swift in Sources */ = {isa = PBXBuildFile; fileRef = 6E06D0D6289BF14C001B6600 /* ImageModel.swift */; };
		6E06D0D9289BF55C001B6600 /* ManagerTableViewCell.swift in Sources */ = {isa = PBXBuildFile; fileRef = 6E06D0D8289BF55C001B6600 /* ManagerTableViewCell.swift */; };
		6E06D0DB289C1C70001B6600 /* ExtensionUIView.swift in Sources */ = {isa = PBXBuildFile; fileRef = 6E06D0DA289C1C70001B6600 /* ExtensionUIView.swift */; };
		6E06D0E2289DA207001B6600 /* PasswordViewController.swift in Sources */ = {isa = PBXBuildFile; fileRef = 6E06D0E1289DA207001B6600 /* PasswordViewController.swift */; };
		6E06D0E428A18D41001B6600 /* Checker.swift in Sources */ = {isa = PBXBuildFile; fileRef = 6E06D0E328A18D41001B6600 /* Checker.swift */; };
		6E06D0E628A1AD15001B6600 /* MainTabBarViewController.swift in Sources */ = {isa = PBXBuildFile; fileRef = 6E06D0E528A1AD15001B6600 /* MainTabBarViewController.swift */; };
		6E06D0E828A2E229001B6600 /* SettingsViewController.swift in Sources */ = {isa = PBXBuildFile; fileRef = 6E06D0E728A2E229001B6600 /* SettingsViewController.swift */; };
		6E723EC428A43E690030DFF9 /* SettingsTableViewCell.swift in Sources */ = {isa = PBXBuildFile; fileRef = 6E723EC328A43E690030DFF9 /* SettingsTableViewCell.swift */; };
		6E723EC828A453A60030DFF9 /* NotificationName.swift in Sources */ = {isa = PBXBuildFile; fileRef = 6E723EC728A453A60030DFF9 /* NotificationName.swift */; };
/* End PBXBuildFile section */

/* Begin PBXFileReference section */
		6E06D0BF289BB4CB001B6600 /* file-manager.app */ = {isa = PBXFileReference; explicitFileType = wrapper.application; includeInIndex = 0; path = "file-manager.app"; sourceTree = BUILT_PRODUCTS_DIR; };
		6E06D0C2289BB4CB001B6600 /* AppDelegate.swift */ = {isa = PBXFileReference; lastKnownFileType = sourcecode.swift; path = AppDelegate.swift; sourceTree = "<group>"; };
		6E06D0C6289BB4CB001B6600 /* ManagerViewController.swift */ = {isa = PBXFileReference; lastKnownFileType = sourcecode.swift; path = ManagerViewController.swift; sourceTree = "<group>"; };
		6E06D0CB289BB4D0001B6600 /* Assets.xcassets */ = {isa = PBXFileReference; lastKnownFileType = folder.assetcatalog; path = Assets.xcassets; sourceTree = "<group>"; };
		6E06D0CE289BB4D0001B6600 /* Base */ = {isa = PBXFileReference; lastKnownFileType = file.storyboard; name = Base; path = Base.lproj/LaunchScreen.storyboard; sourceTree = "<group>"; };
		6E06D0D0289BB4D0001B6600 /* Info.plist */ = {isa = PBXFileReference; lastKnownFileType = text.plist.xml; path = Info.plist; sourceTree = "<group>"; };
		6E06D0D6289BF14C001B6600 /* ImageModel.swift */ = {isa = PBXFileReference; lastKnownFileType = sourcecode.swift; path = ImageModel.swift; sourceTree = "<group>"; };
		6E06D0D8289BF55C001B6600 /* ManagerTableViewCell.swift */ = {isa = PBXFileReference; lastKnownFileType = sourcecode.swift; path = ManagerTableViewCell.swift; sourceTree = "<group>"; };
		6E06D0DA289C1C70001B6600 /* ExtensionUIView.swift */ = {isa = PBXFileReference; lastKnownFileType = sourcecode.swift; path = ExtensionUIView.swift; sourceTree = "<group>"; };
		6E06D0E1289DA207001B6600 /* PasswordViewController.swift */ = {isa = PBXFileReference; lastKnownFileType = sourcecode.swift; path = PasswordViewController.swift; sourceTree = "<group>"; };
		6E06D0E328A18D41001B6600 /* Checker.swift */ = {isa = PBXFileReference; lastKnownFileType = sourcecode.swift; path = Checker.swift; sourceTree = "<group>"; };
		6E06D0E528A1AD15001B6600 /* MainTabBarViewController.swift */ = {isa = PBXFileReference; lastKnownFileType = sourcecode.swift; path = MainTabBarViewController.swift; sourceTree = "<group>"; };
		6E06D0E728A2E229001B6600 /* SettingsViewController.swift */ = {isa = PBXFileReference; lastKnownFileType = sourcecode.swift; path = SettingsViewController.swift; sourceTree = "<group>"; };
		6E723EC328A43E690030DFF9 /* SettingsTableViewCell.swift */ = {isa = PBXFileReference; lastKnownFileType = sourcecode.swift; path = SettingsTableViewCell.swift; sourceTree = "<group>"; };
		6E723EC728A453A60030DFF9 /* NotificationName.swift */ = {isa = PBXFileReference; lastKnownFileType = sourcecode.swift; path = NotificationName.swift; sourceTree = "<group>"; };
/* End PBXFileReference section */

/* Begin PBXFrameworksBuildPhase section */
		6E06D0BC289BB4CB001B6600 /* Frameworks */ = {
			isa = PBXFrameworksBuildPhase;
			buildActionMask = 2147483647;
			files = (
			);
			runOnlyForDeploymentPostprocessing = 0;
		};
/* End PBXFrameworksBuildPhase section */

/* Begin PBXGroup section */
		6E06D0B6289BB4CB001B6600 = {
			isa = PBXGroup;
			children = (
				6E06D0C1289BB4CB001B6600 /* file-manager */,
				6E06D0C0289BB4CB001B6600 /* Products */,
			);
			sourceTree = "<group>";
		};
		6E06D0C0289BB4CB001B6600 /* Products */ = {
			isa = PBXGroup;
			children = (
				6E06D0BF289BB4CB001B6600 /* file-manager.app */,
			);
			name = Products;
			sourceTree = "<group>";
		};
		6E06D0C1289BB4CB001B6600 /* file-manager */ = {
			isa = PBXGroup;
			children = (
				6E06D0E0289DA172001B6600 /* TableCells */,
				6E06D0DF289DA0AF001B6600 /* Models */,
				6E06D0DD289DA090001B6600 /* Controllers */,
				6E06D0DC289DA05F001B6600 /* Application */,
				6E06D0DE289DA09E001B6600 /* Resourses */,
			);
			path = "file-manager";
			sourceTree = "<group>";
		};
		6E06D0DC289DA05F001B6600 /* Application */ = {
			isa = PBXGroup;
			children = (
				6E06D0C2289BB4CB001B6600 /* AppDelegate.swift */,
				6E06D0CD289BB4D0001B6600 /* LaunchScreen.storyboard */,
				6E06D0DA289C1C70001B6600 /* ExtensionUIView.swift */,
				6E723EC728A453A60030DFF9 /* NotificationName.swift */,
			);
			path = Application;
			sourceTree = "<group>";
		};
		6E06D0DD289DA090001B6600 /* Controllers */ = {
			isa = PBXGroup;
			children = (
				6E06D0E1289DA207001B6600 /* PasswordViewController.swift */,
				6E06D0E528A1AD15001B6600 /* MainTabBarViewController.swift */,
				6E06D0C6289BB4CB001B6600 /* ManagerViewController.swift */,
				6E06D0E728A2E229001B6600 /* SettingsViewController.swift */,
			);
			path = Controllers;
			sourceTree = "<group>";
		};
		6E06D0DE289DA09E001B6600 /* Resourses */ = {
			isa = PBXGroup;
			children = (
				6E06D0CB289BB4D0001B6600 /* Assets.xcassets */,
				6E06D0D0289BB4D0001B6600 /* Info.plist */,
			);
			path = Resourses;
			sourceTree = "<group>";
		};
		6E06D0DF289DA0AF001B6600 /* Models */ = {
			isa = PBXGroup;
			children = (
				6E06D0D6289BF14C001B6600 /* ImageModel.swift */,
				6E06D0E328A18D41001B6600 /* Checker.swift */,
			);
			path = Models;
			sourceTree = "<group>";
		};
		6E06D0E0289DA172001B6600 /* TableCells */ = {
			isa = PBXGroup;
			children = (
				6E06D0D8289BF55C001B6600 /* ManagerTableViewCell.swift */,
				6E723EC328A43E690030DFF9 /* SettingsTableViewCell.swift */,
			);
			path = TableCells;
			sourceTree = "<group>";
		};
/* End PBXGroup section */

/* Begin PBXNativeTarget section */
		6E06D0BE289BB4CB001B6600 /* file-manager */ = {
			isa = PBXNativeTarget;
			buildConfigurationList = 6E06D0D3289BB4D0001B6600 /* Build configuration list for PBXNativeTarget "file-manager" */;
			buildPhases = (
				6E06D0BB289BB4CB001B6600 /* Sources */,
				6E06D0BC289BB4CB001B6600 /* Frameworks */,
				6E06D0BD289BB4CB001B6600 /* Resources */,
			);
			buildRules = (
			);
			dependencies = (
			);
			name = "file-manager";
			productName = "file-manager";
			productReference = 6E06D0BF289BB4CB001B6600 /* file-manager.app */;
			productType = "com.apple.product-type.application";
		};
/* End PBXNativeTarget section */

/* Begin PBXProject section */
		6E06D0B7289BB4CB001B6600 /* Project object */ = {
			isa = PBXProject;
			attributes = {
				BuildIndependentTargetsInParallel = 1;
				LastSwiftUpdateCheck = 1340;
				LastUpgradeCheck = 1340;
				TargetAttributes = {
					6E06D0BE289BB4CB001B6600 = {
						CreatedOnToolsVersion = 13.4.1;
					};
				};
			};
			buildConfigurationList = 6E06D0BA289BB4CB001B6600 /* Build configuration list for PBXProject "file-manager" */;
			compatibilityVersion = "Xcode 13.0";
			developmentRegion = en;
			hasScannedForEncodings = 0;
			knownRegions = (
				en,
				Base,
			);
			mainGroup = 6E06D0B6289BB4CB001B6600;
			productRefGroup = 6E06D0C0289BB4CB001B6600 /* Products */;
			projectDirPath = "";
			projectRoot = "";
			targets = (
				6E06D0BE289BB4CB001B6600 /* file-manager */,
			);
		};
/* End PBXProject section */

/* Begin PBXResourcesBuildPhase section */
		6E06D0BD289BB4CB001B6600 /* Resources */ = {
			isa = PBXResourcesBuildPhase;
			buildActionMask = 2147483647;
			files = (
				6E06D0CF289BB4D0001B6600 /* LaunchScreen.storyboard in Resources */,
				6E06D0CC289BB4D0001B6600 /* Assets.xcassets in Resources */,
			);
			runOnlyForDeploymentPostprocessing = 0;
		};
/* End PBXResourcesBuildPhase section */

/* Begin PBXSourcesBuildPhase section */
		6E06D0BB289BB4CB001B6600 /* Sources */ = {
			isa = PBXSourcesBuildPhase;
			buildActionMask = 2147483647;
			files = (
				6E06D0E828A2E229001B6600 /* SettingsViewController.swift in Sources */,
				6E06D0C7289BB4CB001B6600 /* ManagerViewController.swift in Sources */,
				6E06D0D7289BF14C001B6600 /* ImageModel.swift in Sources */,
				6E06D0E628A1AD15001B6600 /* MainTabBarViewController.swift in Sources */,
				6E723EC428A43E690030DFF9 /* SettingsTableViewCell.swift in Sources */,
				6E06D0E2289DA207001B6600 /* PasswordViewController.swift in Sources */,
				6E06D0C3289BB4CB001B6600 /* AppDelegate.swift in Sources */,
				6E723EC828A453A60030DFF9 /* NotificationName.swift in Sources */,
				6E06D0D9289BF55C001B6600 /* ManagerTableViewCell.swift in Sources */,
				6E06D0E428A18D41001B6600 /* Checker.swift in Sources */,
				6E06D0DB289C1C70001B6600 /* ExtensionUIView.swift in Sources */,
			);
			runOnlyForDeploymentPostprocessing = 0;
		};
/* End PBXSourcesBuildPhase section */

/* Begin PBXVariantGroup section */
		6E06D0CD289BB4D0001B6600 /* LaunchScreen.storyboard */ = {
			isa = PBXVariantGroup;
			children = (
				6E06D0CE289BB4D0001B6600 /* Base */,
			);
			name = LaunchScreen.storyboard;
			sourceTree = "<group>";
		};
/* End PBXVariantGroup section */

/* Begin XCBuildConfiguration section */
		6E06D0D1289BB4D0001B6600 /* Debug */ = {
			isa = XCBuildConfiguration;
			buildSettings = {
				ALWAYS_SEARCH_USER_PATHS = NO;
				CLANG_ANALYZER_NONNULL = YES;
				CLANG_ANALYZER_NUMBER_OBJECT_CONVERSION = YES_AGGRESSIVE;
				CLANG_CXX_LANGUAGE_STANDARD = "gnu++17";
				CLANG_ENABLE_MODULES = YES;
				CLANG_ENABLE_OBJC_ARC = YES;
				CLANG_ENABLE_OBJC_WEAK = YES;
				CLANG_WARN_BLOCK_CAPTURE_AUTORELEASING = YES;
				CLANG_WARN_BOOL_CONVERSION = YES;
				CLANG_WARN_COMMA = YES;
				CLANG_WARN_CONSTANT_CONVERSION = YES;
				CLANG_WARN_DEPRECATED_OBJC_IMPLEMENTATIONS = YES;
				CLANG_WARN_DIRECT_OBJC_ISA_USAGE = YES_ERROR;
				CLANG_WARN_DOCUMENTATION_COMMENTS = YES;
				CLANG_WARN_EMPTY_BODY = YES;
				CLANG_WARN_ENUM_CONVERSION = YES;
				CLANG_WARN_INFINITE_RECURSION = YES;
				CLANG_WARN_INT_CONVERSION = YES;
				CLANG_WARN_NON_LITERAL_NULL_CONVERSION = YES;
				CLANG_WARN_OBJC_IMPLICIT_RETAIN_SELF = YES;
				CLANG_WARN_OBJC_LITERAL_CONVERSION = YES;
				CLANG_WARN_OBJC_ROOT_CLASS = YES_ERROR;
				CLANG_WARN_QUOTED_INCLUDE_IN_FRAMEWORK_HEADER = YES;
				CLANG_WARN_RANGE_LOOP_ANALYSIS = YES;
				CLANG_WARN_STRICT_PROTOTYPES = YES;
				CLANG_WARN_SUSPICIOUS_MOVE = YES;
				CLANG_WARN_UNGUARDED_AVAILABILITY = YES_AGGRESSIVE;
				CLANG_WARN_UNREACHABLE_CODE = YES;
				CLANG_WARN__DUPLICATE_METHOD_MATCH = YES;
				COPY_PHASE_STRIP = NO;
				DEBUG_INFORMATION_FORMAT = dwarf;
				ENABLE_STRICT_OBJC_MSGSEND = YES;
				ENABLE_TESTABILITY = YES;
				GCC_C_LANGUAGE_STANDARD = gnu11;
				GCC_DYNAMIC_NO_PIC = NO;
				GCC_NO_COMMON_BLOCKS = YES;
				GCC_OPTIMIZATION_LEVEL = 0;
				GCC_PREPROCESSOR_DEFINITIONS = (
					"DEBUG=1",
					"$(inherited)",
				);
				GCC_WARN_64_TO_32_BIT_CONVERSION = YES;
				GCC_WARN_ABOUT_RETURN_TYPE = YES_ERROR;
				GCC_WARN_UNDECLARED_SELECTOR = YES;
				GCC_WARN_UNINITIALIZED_AUTOS = YES_AGGRESSIVE;
				GCC_WARN_UNUSED_FUNCTION = YES;
				GCC_WARN_UNUSED_VARIABLE = YES;
				IPHONEOS_DEPLOYMENT_TARGET = 15.5;
				MTL_ENABLE_DEBUG_INFO = INCLUDE_SOURCE;
				MTL_FAST_MATH = YES;
				ONLY_ACTIVE_ARCH = YES;
				SDKROOT = iphoneos;
				SWIFT_ACTIVE_COMPILATION_CONDITIONS = DEBUG;
				SWIFT_OPTIMIZATION_LEVEL = "-Onone";
			};
			name = Debug;
		};
		6E06D0D2289BB4D0001B6600 /* Release */ = {
			isa = XCBuildConfiguration;
			buildSettings = {
				ALWAYS_SEARCH_USER_PATHS = NO;
				CLANG_ANALYZER_NONNULL = YES;
				CLANG_ANALYZER_NUMBER_OBJECT_CONVERSION = YES_AGGRESSIVE;
				CLANG_CXX_LANGUAGE_STANDARD = "gnu++17";
				CLANG_ENABLE_MODULES = YES;
				CLANG_ENABLE_OBJC_ARC = YES;
				CLANG_ENABLE_OBJC_WEAK = YES;
				CLANG_WARN_BLOCK_CAPTURE_AUTORELEASING = YES;
				CLANG_WARN_BOOL_CONVERSION = YES;
				CLANG_WARN_COMMA = YES;
				CLANG_WARN_CONSTANT_CONVERSION = YES;
				CLANG_WARN_DEPRECATED_OBJC_IMPLEMENTATIONS = YES;
				CLANG_WARN_DIRECT_OBJC_ISA_USAGE = YES_ERROR;
				CLANG_WARN_DOCUMENTATION_COMMENTS = YES;
				CLANG_WARN_EMPTY_BODY = YES;
				CLANG_WARN_ENUM_CONVERSION = YES;
				CLANG_WARN_INFINITE_RECURSION = YES;
				CLANG_WARN_INT_CONVERSION = YES;
				CLANG_WARN_NON_LITERAL_NULL_CONVERSION = YES;
				CLANG_WARN_OBJC_IMPLICIT_RETAIN_SELF = YES;
				CLANG_WARN_OBJC_LITERAL_CONVERSION = YES;
				CLANG_WARN_OBJC_ROOT_CLASS = YES_ERROR;
				CLANG_WARN_QUOTED_INCLUDE_IN_FRAMEWORK_HEADER = YES;
				CLANG_WARN_RANGE_LOOP_ANALYSIS = YES;
				CLANG_WARN_STRICT_PROTOTYPES = YES;
				CLANG_WARN_SUSPICIOUS_MOVE = YES;
				CLANG_WARN_UNGUARDED_AVAILABILITY = YES_AGGRESSIVE;
				CLANG_WARN_UNREACHABLE_CODE = YES;
				CLANG_WARN__DUPLICATE_METHOD_MATCH = YES;
				COPY_PHASE_STRIP = NO;
				DEBUG_INFORMATION_FORMAT = "dwarf-with-dsym";
				ENABLE_NS_ASSERTIONS = NO;
				ENABLE_STRICT_OBJC_MSGSEND = YES;
				GCC_C_LANGUAGE_STANDARD = gnu11;
				GCC_NO_COMMON_BLOCKS = YES;
				GCC_WARN_64_TO_32_BIT_CONVERSION = YES;
				GCC_WARN_ABOUT_RETURN_TYPE = YES_ERROR;
				GCC_WARN_UNDECLARED_SELECTOR = YES;
				GCC_WARN_UNINITIALIZED_AUTOS = YES_AGGRESSIVE;
				GCC_WARN_UNUSED_FUNCTION = YES;
				GCC_WARN_UNUSED_VARIABLE = YES;
				IPHONEOS_DEPLOYMENT_TARGET = 15.5;
				MTL_ENABLE_DEBUG_INFO = NO;
				MTL_FAST_MATH = YES;
				SDKROOT = iphoneos;
				SWIFT_COMPILATION_MODE = wholemodule;
				SWIFT_OPTIMIZATION_LEVEL = "-O";
				VALIDATE_PRODUCT = YES;
			};
			name = Release;
		};
		6E06D0D4289BB4D0001B6600 /* Debug */ = {
			isa = XCBuildConfiguration;
			buildSettings = {
				ASSETCATALOG_COMPILER_APPICON_NAME = AppIcon;
				ASSETCATALOG_COMPILER_GLOBAL_ACCENT_COLOR_NAME = AccentColor;
				CODE_SIGN_STYLE = Automatic;
				CURRENT_PROJECT_VERSION = 1;
				GENERATE_INFOPLIST_FILE = YES;
				INFOPLIST_FILE = "file-manager/Resourses/Info.plist";
				INFOPLIST_KEY_UIApplicationSupportsIndirectInputEvents = YES;
				INFOPLIST_KEY_UILaunchStoryboardName = LaunchScreen;
				INFOPLIST_KEY_UISupportedInterfaceOrientations_iPad = "UIInterfaceOrientationPortrait UIInterfaceOrientationPortraitUpsideDown UIInterfaceOrientationLandscapeLeft UIInterfaceOrientationLandscapeRight";
				INFOPLIST_KEY_UISupportedInterfaceOrientations_iPhone = "UIInterfaceOrientationPortrait UIInterfaceOrientationLandscapeLeft UIInterfaceOrientationLandscapeRight";
				LD_RUNPATH_SEARCH_PATHS = (
					"$(inherited)",
					"@executable_path/Frameworks",
				);
				MARKETING_VERSION = 1.0;
				PRODUCT_BUNDLE_IDENTIFIER = "Tabunkin-Vadim.file-manager";
				PRODUCT_NAME = "$(TARGET_NAME)";
				SWIFT_EMIT_LOC_STRINGS = YES;
				SWIFT_VERSION = 5.0;
				TARGETED_DEVICE_FAMILY = "1,2";
			};
			name = Debug;
		};
		6E06D0D5289BB4D0001B6600 /* Release */ = {
			isa = XCBuildConfiguration;
			buildSettings = {
				ASSETCATALOG_COMPILER_APPICON_NAME = AppIcon;
				ASSETCATALOG_COMPILER_GLOBAL_ACCENT_COLOR_NAME = AccentColor;
				CODE_SIGN_STYLE = Automatic;
				CURRENT_PROJECT_VERSION = 1;
				GENERATE_INFOPLIST_FILE = YES;
				INFOPLIST_FILE = "file-manager/Resourses/Info.plist";
				INFOPLIST_KEY_UIApplicationSupportsIndirectInputEvents = YES;
				INFOPLIST_KEY_UILaunchStoryboardName = LaunchScreen;
				INFOPLIST_KEY_UISupportedInterfaceOrientations_iPad = "UIInterfaceOrientationPortrait UIInterfaceOrientationPortraitUpsideDown UIInterfaceOrientationLandscapeLeft UIInterfaceOrientationLandscapeRight";
				INFOPLIST_KEY_UISupportedInterfaceOrientations_iPhone = "UIInterfaceOrientationPortrait UIInterfaceOrientationLandscapeLeft UIInterfaceOrientationLandscapeRight";
				LD_RUNPATH_SEARCH_PATHS = (
					"$(inherited)",
					"@executable_path/Frameworks",
				);
				MARKETING_VERSION = 1.0;
				PRODUCT_BUNDLE_IDENTIFIER = "Tabunkin-Vadim.file-manager";
				PRODUCT_NAME = "$(TARGET_NAME)";
				SWIFT_EMIT_LOC_STRINGS = YES;
				SWIFT_VERSION = 5.0;
				TARGETED_DEVICE_FAMILY = "1,2";
			};
			name = Release;
		};
/* End XCBuildConfiguration section */

/* Begin XCConfigurationList section */
		6E06D0BA289BB4CB001B6600 /* Build configuration list for PBXProject "file-manager" */ = {
			isa = XCConfigurationList;
			buildConfigurations = (
				6E06D0D1289BB4D0001B6600 /* Debug */,
				6E06D0D2289BB4D0001B6600 /* Release */,
			);
			defaultConfigurationIsVisible = 0;
			defaultConfigurationName = Release;
		};
		6E06D0D3289BB4D0001B6600 /* Build configuration list for PBXNativeTarget "file-manager" */ = {
			isa = XCConfigurationList;
			buildConfigurations = (
				6E06D0D4289BB4D0001B6600 /* Debug */,
				6E06D0D5289BB4D0001B6600 /* Release */,
			);
			defaultConfigurationIsVisible = 0;
			defaultConfigurationName = Release;
		};
/* End XCConfigurationList section */
	};
	rootObject = 6E06D0B7289BB4CB001B6600 /* Project object */;
}
